
Microsoft Visual Studio Solution File, Format Version 12.00
# Visual Studio Version 16
VisualStudioVersion = 16.0.29728.190
MinimumVisualStudioVersion = 10.0.40219.1
Project("{FAE04EC0-301F-11D3-BF4B-00C04F79EFBC}") = "MyFirstVisualizer", "MyFirstVisualizer\MyFirstVisualizer.csproj", "{89F017C6-0174-4E27-85F4-60F1CC2F7BA7}"
EndProject
Project("{FAE04EC0-301F-11D3-BF4B-00C04F79EFBC}") = "MyTestConsole", "MyTestConsole\MyTestConsole.csproj", "{D842C7F4-36EA-428E-89FB-C2535EC568AC}"
EndProject
Global
	GlobalSection(SolutionConfigurationPlatforms) = preSolution
		Debug|Any CPU = Debug|Any CPU
		Release|Any CPU = Release|Any CPU
	EndGlobalSection
	GlobalSection(ProjectConfigurationPlatforms) = postSolution
		{89F017C6-0174-4E27-85F4-60F1CC2F7BA7}.Debug|Any CPU.ActiveCfg = Debug|Any CPU
		{89F017C6-0174-4E27-85F4-60F1CC2F7BA7}.Debug|Any CPU.Build.0 = Debug|Any CPU
		{89F017C6-0174-4E27-85F4-60F1CC2F7BA7}.Release|Any CPU.ActiveCfg = Release|Any CPU
		{89F017C6-0174-4E27-85F4-60F1CC2F7BA7}.Release|Any CPU.Build.0 = Release|Any CPU
		{D842C7F4-36EA-428E-89FB-C2535EC568AC}.Debug|Any CPU.ActiveCfg = Debug|Any CPU
		{D842C7F4-36EA-428E-89FB-C2535EC568AC}.Debug|Any CPU.Build.0 = Debug|Any CPU
		{D842C7F4-36EA-428E-89FB-C2535EC568AC}.Release|Any CPU.ActiveCfg = Release|Any CPU
		{D842C7F4-36EA-428E-89FB-C2535EC568AC}.Release|Any CPU.Build.0 = Release|Any CPU
	EndGlobalSection
	GlobalSection(SolutionProperties) = preSolution
		HideSolutionNode = FALSE
	EndGlobalSection
	GlobalSection(ExtensibilityGlobals) = postSolution
		SolutionGuid = {8C6DA666-371C-49F7-8DB2-18FCA6D63DC2}
	EndGlobalSection
EndGlobal
